
Microsoft Visual Studio Solution File, Format Version 12.00
# Visual Studio 14
VisualStudioVersion = 14.0.25420.1
MinimumVisualStudioVersion = 10.0.40219.1
Project("{FAE04EC0-301F-11D3-BF4B-00C04F79EFBC}") = "MediaSnagger", "MediaSnagger\MediaSnagger.csproj", "{BDBDE6CB-1987-479E-9354-FCE0D390D41A}"
EndProject
Global
	GlobalSection(SolutionConfigurationPlatforms) = preSolution
		Ad-Hoc|iPhone = Ad-Hoc|iPhone
		Ad-Hoc|iPhoneSimulator = Ad-Hoc|iPhoneSimulator
		AppStore|iPhone = AppStore|iPhone
		AppStore|iPhoneSimulator = AppStore|iPhoneSimulator
		Debug|iPhone = Debug|iPhone
		Debug|iPhoneSimulator = Debug|iPhoneSimulator
		Release|iPhone = Release|iPhone
		Release|iPhoneSimulator = Release|iPhoneSimulator
	EndGlobalSection
	GlobalSection(ProjectConfigurationPlatforms) = postSolution
		{BDBDE6CB-1987-479E-9354-FCE0D390D41A}.Ad-Hoc|iPhone.ActiveCfg = Ad-Hoc|iPhone
		{BDBDE6CB-1987-479E-9354-FCE0D390D41A}.Ad-Hoc|iPhone.Build.0 = Ad-Hoc|iPhone
		{BDBDE6CB-1987-479E-9354-FCE0D390D41A}.Ad-Hoc|iPhoneSimulator.ActiveCfg = Ad-Hoc|iPhoneSimulator
		{BDBDE6CB-1987-479E-9354-FCE0D390D41A}.Ad-Hoc|iPhoneSimulator.Build.0 = Ad-Hoc|iPhoneSimulator
		{BDBDE6CB-1987-479E-9354-FCE0D390D41A}.AppStore|iPhone.ActiveCfg = AppStore|iPhone
		{BDBDE6CB-1987-479E-9354-FCE0D390D41A}.AppStore|iPhone.Build.0 = AppStore|iPhone
		{BDBDE6CB-1987-479E-9354-FCE0D390D41A}.AppStore|iPhoneSimulator.ActiveCfg = AppStore|iPhoneSimulator
		{BDBDE6CB-1987-479E-9354-FCE0D390D41A}.AppStore|iPhoneSimulator.Build.0 = AppStore|iPhoneSimulator
		{BDBDE6CB-1987-479E-9354-FCE0D390D41A}.Debug|iPhone.ActiveCfg = Debug|iPhone
		{BDBDE6CB-1987-479E-9354-FCE0D390D41A}.Debug|iPhone.Build.0 = Debug|iPhone
		{BDBDE6CB-1987-479E-9354-FCE0D390D41A}.Debug|iPhoneSimulator.ActiveCfg = Debug|iPhoneSimulator
		{BDBDE6CB-1987-479E-9354-FCE0D390D41A}.Debug|iPhoneSimulator.Build.0 = Debug|iPhoneSimulator
		{BDBDE6CB-1987-479E-9354-FCE0D390D41A}.Release|iPhone.ActiveCfg = Release|iPhone
		{BDBDE6CB-1987-479E-9354-FCE0D390D41A}.Release|iPhone.Build.0 = Release|iPhone
		{BDBDE6CB-1987-479E-9354-FCE0D390D41A}.Release|iPhoneSimulator.ActiveCfg = Release|iPhoneSimulator
		{BDBDE6CB-1987-479E-9354-FCE0D390D41A}.Release|iPhoneSimulator.Build.0 = Release|iPhoneSimulator
	EndGlobalSection
	GlobalSection(SolutionProperties) = preSolution
		HideSolutionNode = FALSE
	EndGlobalSection
EndGlobal
